
Microsoft Visual Studio Solution File, Format Version 12.00
# Visual Studio Version 17
VisualStudioVersion = 17.10.34928.147
MinimumVisualStudioVersion = 10.0.40219.1
Project("{FAE04EC0-301F-11D3-BF4B-00C04F79EFBC}") = "Rhythm.IO", "Rhythm.IO\Rhythm.IO.csproj", "{8EE34F87-0E0A-42F8-9AB9-29925F35E308}"
EndProject
Global
	GlobalSection(SolutionConfigurationPlatforms) = preSolution
		Debug|Any CPU = Debug|Any CPU
		Release|Any CPU = Release|Any CPU
	EndGlobalSection
	GlobalSection(ProjectConfigurationPlatforms) = postSolution
		{8EE34F87-0E0A-42F8-9AB9-29925F35E308}.Debug|Any CPU.ActiveCfg = Debug|Any CPU
		{8EE34F87-0E0A-42F8-9AB9-29925F35E308}.Debug|Any CPU.Build.0 = Debug|Any CPU
		{8EE34F87-0E0A-42F8-9AB9-29925F35E308}.Release|Any CPU.ActiveCfg = Release|Any CPU
		{8EE34F87-0E0A-42F8-9AB9-29925F35E308}.Release|Any CPU.Build.0 = Release|Any CPU
	EndGlobalSection
	GlobalSection(SolutionProperties) = preSolution
		HideSolutionNode = FALSE
	EndGlobalSection
	GlobalSection(ExtensibilityGlobals) = postSolution
		SolutionGuid = {279A2705-E998-4201-9D75-F4898FD13E92}
	EndGlobalSection
EndGlobal
